
Microsoft Visual Studio Solution File, Format Version 12.00
# Visual Studio Version 17
VisualStudioVersion = 17.14.36408.4 d17.14
MinimumVisualStudioVersion = 10.0.40219.1
Project("{FAE04EC0-301F-11D3-BF4B-00C04F79EFBC}") = "ArreglosyListas", "ArreglosyListas.csproj", "{A44C9458-DFAD-4256-A0E1-A1CE2CA622D7}"
EndProject
Global
	GlobalSection(SolutionConfigurationPlatforms) = preSolution
		Debug|Any CPU = Debug|Any CPU
		Release|Any CPU = Release|Any CPU
	EndGlobalSection
	GlobalSection(ProjectConfigurationPlatforms) = postSolution
		{A44C9458-DFAD-4256-A0E1-A1CE2CA622D7}.Debug|Any CPU.ActiveCfg = Debug|Any CPU
		{A44C9458-DFAD-4256-A0E1-A1CE2CA622D7}.Debug|Any CPU.Build.0 = Debug|Any CPU
		{A44C9458-DFAD-4256-A0E1-A1CE2CA622D7}.Release|Any CPU.ActiveCfg = Release|Any CPU
		{A44C9458-DFAD-4256-A0E1-A1CE2CA622D7}.Release|Any CPU.Build.0 = Release|Any CPU
	EndGlobalSection
	GlobalSection(SolutionProperties) = preSolution
		HideSolutionNode = FALSE
	EndGlobalSection
	GlobalSection(ExtensibilityGlobals) = postSolution
		SolutionGuid = {442214F0-C7FD-4CAC-9E50-2A23753BDEDE}
	EndGlobalSection
EndGlobal
