
Microsoft Visual Studio Solution File, Format Version 12.00
# Visual Studio Version 17
VisualStudioVersion = 17.14.36408.4 d17.14
MinimumVisualStudioVersion = 10.0.40219.1
Project("{FAE04EC0-301F-11D3-BF4B-00C04F79EFBC}") = "WebAppiPersona", "WebAppiPersona\WebAppiPersona.csproj", "{0374B937-7CA1-4B56-A599-271211AFCCF7}"
EndProject
Global
	GlobalSection(SolutionConfigurationPlatforms) = preSolution
		Debug|Any CPU = Debug|Any CPU
		Release|Any CPU = Release|Any CPU
	EndGlobalSection
	GlobalSection(ProjectConfigurationPlatforms) = postSolution
		{0374B937-7CA1-4B56-A599-271211AFCCF7}.Debug|Any CPU.ActiveCfg = Debug|Any CPU
		{0374B937-7CA1-4B56-A599-271211AFCCF7}.Debug|Any CPU.Build.0 = Debug|Any CPU
		{0374B937-7CA1-4B56-A599-271211AFCCF7}.Release|Any CPU.ActiveCfg = Release|Any CPU
		{0374B937-7CA1-4B56-A599-271211AFCCF7}.Release|Any CPU.Build.0 = Release|Any CPU
	EndGlobalSection
	GlobalSection(SolutionProperties) = preSolution
		HideSolutionNode = FALSE
	EndGlobalSection
	GlobalSection(ExtensibilityGlobals) = postSolution
		SolutionGuid = {61A6C830-4EA0-4914-92F8-00FA03FF1C5A}
	EndGlobalSection
EndGlobal
